{
    "_meta": {
        "hash": {
            "sha256": "c130c578836bdf4239a6cffb6159fd9151f7e4236d840f08e040229b6fca6b35"
        },
        "pipfile-spec": 6,
        "requires": {
            "python_version": "3.7"
        },
        "sources": [
            {
                "name": "pypi",
                "url": "https://pypi.org/simple",
                "verify_ssl": true
            }
        ]
    },
    "default": {
        "acme": {
            "hashes": [
                "sha256:b888757c750e393407a3cdf0eb5c2d06036951e10c41db4c83537617568561b6",
                "sha256:c0de9e1fbcb4a28509825a4d19ab5455910862b23fa338acebc7bbe7c0abd20d"
            ],
            "version": "==1.3.0"
        },
        "certbot": {
            "hashes": [
                "sha256:979793b36151be26c159f1946d065a0cbbcaed3e9ac452c19a142b0d2d2b42e3",
                "sha256:bc2091cbbc2f432872ed69309046e79771d9c81cd441bde3e6a6553ecd04b1d8"
            ],
            "index": "pypi",
            "version": "==1.3.0"
        },
        "certifi": {
            "hashes": [
                "sha256:017c25db2a153ce562900032d5bc68e9f191e44e9a0f762f373977de9df1fbb3",
                "sha256:25b64c7da4cd7479594d035c08c2d809eb4aab3a26e5a990ea98cc450c320f1f"
            ],
            "version": "==2019.11.28"
        },
        "cffi": {
            "hashes": [
                "sha256:001bf3242a1bb04d985d63e138230802c6c8d4db3668fb545fb5005ddf5bb5ff",
                "sha256:00789914be39dffba161cfc5be31b55775de5ba2235fe49aa28c148236c4e06b",
                "sha256:028a579fc9aed3af38f4892bdcc7390508adabc30c6af4a6e4f611b0c680e6ac",
                "sha256:14491a910663bf9f13ddf2bc8f60562d6bc5315c1f09c704937ef17293fb85b0",
                "sha256:1cae98a7054b5c9391eb3249b86e0e99ab1e02bb0cc0575da191aedadbdf4384",
                "sha256:2089ed025da3919d2e75a4d963d008330c96751127dd6f73c8dc0c65041b4c26",
                "sha256:2d384f4a127a15ba701207f7639d94106693b6cd64173d6c8988e2c25f3ac2b6",
                "sha256:337d448e5a725bba2d8293c48d9353fc68d0e9e4088d62a9571def317797522b",
                "sha256:399aed636c7d3749bbed55bc907c3288cb43c65c4389964ad5ff849b6370603e",
                "sha256:3b911c2dbd4f423b4c4fcca138cadde747abdb20d196c4a48708b8a2d32b16dd",
                "sha256:3d311bcc4a41408cf5854f06ef2c5cab88f9fded37a3b95936c9879c1640d4c2",
                "sha256:62ae9af2d069ea2698bf536dcfe1e4eed9090211dbaafeeedf5cb6c41b352f66",
                "sha256:66e41db66b47d0d8672d8ed2708ba91b2f2524ece3dee48b5dfb36be8c2f21dc",
                "sha256:675686925a9fb403edba0114db74e741d8181683dcf216be697d208857e04ca8",
                "sha256:7e63cbcf2429a8dbfe48dcc2322d5f2220b77b2e17b7ba023d6166d84655da55",
                "sha256:8a6c688fefb4e1cd56feb6c511984a6c4f7ec7d2a1ff31a10254f3c817054ae4",
                "sha256:8c0ffc886aea5df6a1762d0019e9cb05f825d0eec1f520c51be9d198701daee5",
                "sha256:95cd16d3dee553f882540c1ffe331d085c9e629499ceadfbda4d4fde635f4b7d",
                "sha256:99f748a7e71ff382613b4e1acc0ac83bf7ad167fb3802e35e90d9763daba4d78",
                "sha256:b8c78301cefcf5fd914aad35d3c04c2b21ce8629b5e4f4e45ae6812e461910fa",
                "sha256:c420917b188a5582a56d8b93bdd8e0f6eca08c84ff623a4c16e809152cd35793",
                "sha256:c43866529f2f06fe0edc6246eb4faa34f03fe88b64a0a9a942561c8e22f4b71f",
                "sha256:cab50b8c2250b46fe738c77dbd25ce017d5e6fb35d3407606e7a4180656a5a6a",
                "sha256:cef128cb4d5e0b3493f058f10ce32365972c554572ff821e175dbc6f8ff6924f",
                "sha256:cf16e3cf6c0a5fdd9bc10c21687e19d29ad1fe863372b5543deaec1039581a30",
                "sha256:e56c744aa6ff427a607763346e4170629caf7e48ead6921745986db3692f987f",
                "sha256:e577934fc5f8779c554639376beeaa5657d54349096ef24abe8c74c5d9c117c3",
                "sha256:f2b0fa0c01d8a0c7483afd9f31d7ecf2d71760ca24499c8697aeb5ca37dc090c"
            ],
            "version": "==1.14.0"
        },
        "chardet": {
            "hashes": [
                "sha256:84ab92ed1c4d4f16916e05906b6b75a6c0fb5db821cc65e70cbd64a3e2a5eaae",
                "sha256:fc323ffcaeaed0e0a02bf4d117757b98aed530d9ed4531e3e15460124c106691"
            ],
            "version": "==3.0.4"
        },
        "cloudflare": {
            "hashes": [
                "sha256:0f67bf20bfe112a15aabea55daaaa87eeaec41ce55d30e36e7257da71751a7ac"
            ],
            "index": "pypi",
            "version": "==2.6.3"
        },
        "configargparse": {
            "hashes": [
                "sha256:bf378245bc9cdc403a527e5b7406b991680c2a530e7e81af747880b54eb57133"
            ],
            "version": "==1.0"
        },
        "configobj": {
            "hashes": [
                "sha256:a2f5650770e1c87fb335af19a9b7eb73fc05ccf22144eb68db7d00cd2bcb0902"
            ],
            "version": "==5.0.6"
        },
        "cryptography": {
            "hashes": [
                "sha256:02079a6addc7b5140ba0825f542c0869ff4df9a69c360e339ecead5baefa843c",
                "sha256:1df22371fbf2004c6f64e927668734070a8953362cd8370ddd336774d6743595",
                "sha256:369d2346db5934345787451504853ad9d342d7f721ae82d098083e1f49a582ad",
                "sha256:3cda1f0ed8747339bbdf71b9f38ca74c7b592f24f65cdb3ab3765e4b02871651",
                "sha256:44ff04138935882fef7c686878e1c8fd80a723161ad6a98da31e14b7553170c2",
                "sha256:4b1030728872c59687badcca1e225a9103440e467c17d6d1730ab3d2d64bfeff",
                "sha256:58363dbd966afb4f89b3b11dfb8ff200058fbc3b947507675c19ceb46104b48d",
                "sha256:6ec280fb24d27e3d97aa731e16207d58bd8ae94ef6eab97249a2afe4ba643d42",
                "sha256:7270a6c29199adc1297776937a05b59720e8a782531f1f122f2eb8467f9aab4d",
                "sha256:73fd30c57fa2d0a1d7a49c561c40c2f79c7d6c374cc7750e9ac7c99176f6428e",
                "sha256:7f09806ed4fbea8f51585231ba742b58cbcfbfe823ea197d8c89a5e433c7e912",
                "sha256:90df0cc93e1f8d2fba8365fb59a858f51a11a394d64dbf3ef844f783844cc793",
                "sha256:971221ed40f058f5662a604bd1ae6e4521d84e6cad0b7b170564cc34169c8f13",
                "sha256:a518c153a2b5ed6b8cc03f7ae79d5ffad7315ad4569b2d5333a13c38d64bd8d7",
                "sha256:b0de590a8b0979649ebeef8bb9f54394d3a41f66c5584fff4220901739b6b2f0",
                "sha256:b43f53f29816ba1db8525f006fa6f49292e9b029554b3eb56a189a70f2a40879",
                "sha256:d31402aad60ed889c7e57934a03477b572a03af7794fa8fb1780f21ea8f6551f",
                "sha256:de96157ec73458a7f14e3d26f17f8128c959084931e8997b9e655a39c8fde9f9",
                "sha256:df6b4dca2e11865e6cfbfb708e800efb18370f5a46fd601d3755bc7f85b3a8a2",
                "sha256:ecadccc7ba52193963c0475ac9f6fa28ac01e01349a2ca48509667ef41ffd2cf",
                "sha256:fb81c17e0ebe3358486cd8cc3ad78adbae58af12fc2bf2bc0bb84e8090fa5ce8"
            ],
            "version": "==2.8"
        },
        "distro": {
            "hashes": [
                "sha256:362dde65d846d23baee4b5c058c8586f219b5a54be1cf5fc6ff55c4578392f57",
                "sha256:eedf82a470ebe7d010f1872c17237c79ab04097948800029994fa458e52fb4b4"
            ],
            "version": "==1.4.0"
        },
        "docker": {
            "hashes": [
                "sha256:1c2ddb7a047b2599d1faec00889561316c674f7099427b9c51e8cb804114b553",
                "sha256:ddae66620ab5f4bce769f64bcd7934f880c8abe6aa50986298db56735d0f722e"
            ],
            "index": "pypi",
            "version": "==4.2.0"
        },
        "future": {
            "hashes": [
                "sha256:b1bead90b70cf6ec3f0710ae53a525360fa360d306a86583adc6bf83a4db537d"
            ],
            "version": "==0.18.2"
        },
        "hvac": {
            "hashes": [
                "sha256:2ec86d94ea2f12d7fd4bbf53b728928e942a984e1b43dca5ce3ac43169010768",
                "sha256:e037083c45ad926c7b3a16bc322b65eafc6bb8369a3aa650c73cd79d821545b8"
            ],
            "index": "pypi",
            "version": "==0.10.0"
        },
        "idna": {
            "hashes": [
                "sha256:7588d1c14ae4c77d74036e8c22ff447b26d0fde8f007354fd48a7814db15b7cb",
                "sha256:a068a21ceac8a4d63dbfd964670474107f541babbd2250d61922f029858365fa"
            ],
            "version": "==2.9"
        },
        "josepy": {
            "hashes": [
                "sha256:c341ffa403399b18e9eae9012f804843045764d1390f9cb4648980a7569b1619",
                "sha256:e54882c64be12a2a76533f73d33cba9e331950fda9e2731e843490b774e7a01c"
            ],
            "version": "==1.3.0"
        },
        "jsonlines": {
            "hashes": [
                "sha256:0ebd5b0c3efe0d4b5018b320fb0ee1a7b680ab39f6eb853715859f818d386cc8",
                "sha256:43b8d5588a9d4862c8a4a49580e38e20ec595aee7ad6fe469b10fb83fbefde88"
            ],
            "version": "==1.2.0"
        },
        "mock": {
            "hashes": [
                "sha256:2a572b715f09dd2f0a583d8aeb5bb67d7ed7a8fd31d193cf1227a99c16a67bc3",
                "sha256:5e48d216809f6f393987ed56920305d8f3c647e6ed35407c1ff2ecb88a9e1151"
            ],
            "version": "==4.0.1"
        },
        "parsedatetime": {
            "hashes": [
                "sha256:3b835fc54e472c17ef447be37458b400e3fefdf14bb1ffdedb5d2c853acf4ba1",
                "sha256:d2e9ddb1e463de871d32088a3f3cea3dc8282b1b2800e081bd0ef86900451667"
            ],
            "version": "==2.5"
        },
        "pycparser": {
            "hashes": [
                "sha256:2d475327684562c3a96cc71adf7dc8c4f0565175cf86b6d7a404ff4c771f15f0",
                "sha256:7582ad22678f0fcd81102833f60ef8d0e57288b6b5fb00323d101be910e35705"
            ],
            "version": "==2.20"
        },
        "pyopenssl": {
            "hashes": [
                "sha256:621880965a720b8ece2f1b2f54ea2071966ab00e2970ad2ce11d596102063504",
                "sha256:9a24494b2602aaf402be5c9e30a0b82d4a5c67528fe8fb475e3f3bc00dd69507"
            ],
            "version": "==19.1.0"
        },
        "pyrfc3339": {
            "hashes": [
                "sha256:67196cb83b470709c580bb4738b83165e67c6cc60e1f2e4f286cfcb402a926f4",
                "sha256:81b8cbe1519cdb79bed04910dd6fa4e181faf8c88dff1e1b987b5f7ab23a5b1a"
            ],
            "version": "==1.1"
        },
        "pytz": {
            "hashes": [
                "sha256:1c557d7d0e871de1f5ccd5833f60fb2550652da6be2693c1e02300743d21500d",
                "sha256:b02c06db6cf09c12dd25137e563b31700d3b80fcc4ad23abb7a315f2789819be"
            ],
            "version": "==2019.3"
        },
        "pyyaml": {
            "hashes": [
                "sha256:059b2ee3194d718896c0ad077dd8c043e5e909d9180f387ce42012662a4946d6",
                "sha256:1cf708e2ac57f3aabc87405f04b86354f66799c8e62c28c5fc5f88b5521b2dbf",
                "sha256:24521fa2890642614558b492b473bee0ac1f8057a7263156b02e8b14c88ce6f5",
                "sha256:4fee71aa5bc6ed9d5f116327c04273e25ae31a3020386916905767ec4fc5317e",
                "sha256:70024e02197337533eef7b85b068212420f950319cc8c580261963aefc75f811",
                "sha256:74782fbd4d4f87ff04159e986886931456a1894c61229be9eaf4de6f6e44b99e",
                "sha256:940532b111b1952befd7db542c370887a8611660d2b9becff75d39355303d82d",
                "sha256:cb1f2f5e426dc9f07a7681419fe39cee823bb74f723f36f70399123f439e9b20",
                "sha256:dbbb2379c19ed6042e8f11f2a2c66d39cceb8aeace421bfc29d085d93eda3689",
                "sha256:e3a057b7a64f1222b56e47bcff5e4b94c4f61faac04c7c4ecb1985e18caa3994",
                "sha256:e9f45bd5b92c7974e59bcd2dcc8631a6b6cc380a904725fce7bc08872e691615"
            ],
            "version": "==5.3"
        },
        "requests": {
            "extras": [
                "security"
            ],
            "hashes": [
                "sha256:43999036bfa82904b6af1d99e4882b560e5e2c68e5c4b0aa03b655f3d7d73fee",
                "sha256:b3f43d496c6daba4493e7c431722aeb7dbc6288f52a6e04e7b6023b0247817e6"
            ],
            "version": "==2.23.0"
        },
        "requests-toolbelt": {
            "hashes": [
                "sha256:380606e1d10dc85c3bd47bf5a6095f815ec007be7a8b69c878507068df059e6f",
                "sha256:968089d4584ad4ad7c171454f0a5c6dac23971e9472521ea3b6d49d610aa6fc0"
            ],
            "version": "==0.9.1"
        },
        "six": {
            "hashes": [
                "sha256:236bdbdce46e6e6a3d61a337c0f8b763ca1e8717c03b369e87a7ec7ce1319c0a",
                "sha256:8f3cd2e254d8f793e7f3d6d9df77b92252b52637291d0f0da013c76ea2724b6c"
            ],
            "version": "==1.14.0"
        },
        "urllib3": {
            "hashes": [
                "sha256:2f3db8b19923a873b3e5256dc9c2dedfa883e33d87c690d9c7913e1f40673cdc",
                "sha256:87716c2d2a7121198ebcb7ce7cccf6ce5e9ba539041cfbaeecfb641dc0bf6acc"
            ],
            "version": "==1.25.8"
        },
        "websocket-client": {
            "hashes": [
                "sha256:0fc45c961324d79c781bab301359d5a1b00b13ad1b10415a4780229ef71a5549",
                "sha256:d735b91d6d1692a6a181f2a8c9e0238e5f6373356f561bb9dc4c7af36f452010"
            ],
            "version": "==0.57.0"
        },
        "zope.component": {
            "hashes": [
                "sha256:ec2afc5bbe611dcace98bb39822c122d44743d635dafc7315b9aef25097db9e6"
            ],
            "version": "==4.6"
        },
        "zope.deferredimport": {
            "hashes": [
                "sha256:57b2345e7b5eef47efcd4f634ff16c93e4265de3dcf325afc7315ade48d909e1",
                "sha256:9a0c211df44aa95f1c4e6d2626f90b400f56989180d3ef96032d708da3d23e0a"
            ],
            "version": "==4.3.1"
        },
        "zope.deprecation": {
            "hashes": [
                "sha256:0d453338f04bacf91bbfba545d8bcdf529aa829e67b705eac8c1a7fdce66e2df",
                "sha256:f1480b74995958b24ce37b0ef04d3663d2683e5d6debc96726eff18acf4ea113"
            ],
            "version": "==4.4.0"
        },
        "zope.event": {
            "hashes": [
                "sha256:69c27debad9bdacd9ce9b735dad382142281ac770c4a432b533d6d65c4614bcf",
                "sha256:d8e97d165fd5a0997b45f5303ae11ea3338becfe68c401dd88ffd2113fe5cae7"
            ],
            "version": "==4.4"
        },
        "zope.hookable": {
            "hashes": [
                "sha256:0992a0dd692003c09fb958e1480cebd1a28f2ef32faa4857d864f3ca8e9d6952",
                "sha256:0f325838dbac827a1e2ed5d482c1f2656b6844dc96aa098f7727e76395fcd694",
                "sha256:22a317ba00f61bac99eac1a5e330be7cb8c316275a21269ec58aa396b602af0c",
                "sha256:25531cb5e7b35e8a6d1d6eddef624b9a22ce5dcf8f4448ef0f165acfa8c3fc21",
                "sha256:30890892652766fc80d11f078aca9a5b8150bef6b88aba23799581a53515c404",
                "sha256:342d682d93937e5b8c232baffb32a87d5eee605d44f74566657c64a239b7f342",
                "sha256:46b2fddf1f5aeb526e02b91f7e62afbb9fff4ffd7aafc97cdb00a0d717641567",
                "sha256:523318ff96df9b8d378d997c00c5d4cbfbff68dc48ff5ee5addabdb697d27528",
                "sha256:53aa02eb8921d4e667c69d76adeed8fe426e43870c101cb08dcd2f3468aff742",
                "sha256:62e79e8fdde087cb20822d7874758f5acbedbffaf3c0fbe06309eb8a41ee4e06",
                "sha256:74bf2f757f7385b56dc3548adae508d8b3ef952d600b4b12b88f7d1706b05dcc",
                "sha256:751ee9d89eb96e00c1d7048da9725ce392a708ed43406416dc5ed61e4d199764",
                "sha256:7b83bc341e682771fe810b360cd5d9c886a948976aea4b979ff214e10b8b523b",
                "sha256:81eeeb27dbb0ddaed8070daee529f0d1bfe4f74c7351cce2aaca3ea287c4cc32",
                "sha256:856509191e16930335af4d773c0fc31a17bae8991eb6f167a09d5eddf25b56cc",
                "sha256:8853e81fd07b18fa9193b19e070dc0557848d9945b1d2dac3b7782543458c87d",
                "sha256:94506a732da2832029aecdfe6ea07eb1b70ee06d802fff34e1b3618fe7cdf026",
                "sha256:95ad874a8cc94e786969215d660143817f745225579bfe318c4676e218d3147c",
                "sha256:9758ec9174966ffe5c499b6c3d149f80aa0a9238020006a2b87c6af5963fcf48",
                "sha256:a169823e331da939aa7178fc152e65699aeb78957e46c6f80ccb50ee4c3616c2",
                "sha256:a67878a798f6ca292729a28c2226592b3d000dc6ee7825d31887b553686c7ac7",
                "sha256:a9a6d9eb2319a09905670810e2de971d6c49013843700b4975e2fc0afe96c8db",
                "sha256:b3e118b58a3d2301960e6f5f25736d92f6b9f861728d3b8c26d69f54d8a157d2",
                "sha256:ca6705c2a1fb5059a4efbe9f5426be4cdf71b3c9564816916fc7aa7902f19ede",
                "sha256:cf711527c9d4ae72085f137caffb4be74fc007ffb17cd103628c7d5ba17e205f",
                "sha256:d087602a6845ebe9d5a1c5a949fedde2c45f372d77fbce4f7fe44b68b28a1d03",
                "sha256:d1080e1074ddf75ad6662a9b34626650759c19a9093e1a32a503d37e48da135b",
                "sha256:db9c60368aff2b7e6c47115f3ad9bd6e96aa298b12ed5f8cb13f5673b30be565",
                "sha256:dbeb127a04473f5a989169eb400b67beb921c749599b77650941c21fe39cb8d9",
                "sha256:dca336ca3682d869d291d7cd18284f6ff6876e4244eb1821430323056b000e2c",
                "sha256:dd69a9be95346d10c853b6233fcafe3c0315b89424b378f2ad45170d8e161568",
                "sha256:dd79f8fae5894f1ee0a0042214685f2d039341250c994b825c10a4cd075d80f6",
                "sha256:e647d850aa1286d98910133cee12bd87c354f7b7bb3f3cd816a62ba7fa2f7007",
                "sha256:f37a210b5c04b2d4e4bac494ab15b70196f219a1e1649ddca78560757d4278fb",
                "sha256:f67820b6d33a705dc3c1c457156e51686f7b350ff57f2112e1a9a4dad38ec268",
                "sha256:f68969978ccf0e6123902f7365aae5b7a9e99169d4b9105c47cf28e788116894",
                "sha256:f717a0b34460ae1ac0064e91b267c0588ac2c098ffd695992e72cd5462d97a67",
                "sha256:f9d58ccec8684ca276d5a4e7b0dfacca028336300a8f715d616d9f0ce9ae8096",
                "sha256:fcc3513a54e656067cbf7b98bab0d6b9534b9eabc666d1f78aad6acdf0962736"
            ],
            "version": "==5.0.0"
        },
        "zope.interface": {
            "hashes": [
                "sha256:048b16ac882a05bc7ef534e8b9f15c9d7a6c190e24e8938a19b7617af4ed854a",
                "sha256:05816cf8e7407cf62f2ec95c0a5d69ec4fa5741d9ccd10db9f21691916a9a098",
                "sha256:065d6a1ac89d35445168813bed45048ed4e67a4cdfc5a68fdb626a770378869f",
                "sha256:14157421f4121a57625002cc4f48ac7521ea238d697c4a4459a884b62132b977",
                "sha256:18dc895945694f397a0be86be760ff664b790f95d8e7752d5bab80284ff9105d",
                "sha256:1962c9f838bd6ae4075d0014f72697510daefc7e1c7e48b2607df0b6e157989c",
                "sha256:1a67408cacd198c7e6274a19920bb4568d56459e659e23c4915528686ac1763a",
                "sha256:21bf781076dd616bd07cf0223f79d61ab4f45176076f90bc2890e18c48195da4",
                "sha256:21c0a5d98650aebb84efa16ce2c8df1a46bdc4fe8a9e33237d0ca0b23f416ead",
                "sha256:23cfeea25d1e42ff3bf4f9a0c31e9d5950aa9e7c4b12f0c4bd086f378f7b7a71",
                "sha256:24b6fce1fb71abf9f4093e3259084efcc0ef479f89356757780685bd2b06ef37",
                "sha256:24f84ce24eb6b5fcdcb38ad9761524f1ae96f7126abb5e597f8a3973d9921409",
                "sha256:25e0ef4a824017809d6d8b0ce4ab3288594ba283e4d4f94d8cfb81d73ed65114",
                "sha256:2e8fdd625e9aba31228e7ddbc36bad5c38dc3ee99a86aa420f89a290bd987ce9",
                "sha256:2f3bc2f49b67b1bea82b942d25bc958d4f4ea6709b411cb2b6b9718adf7914ce",
                "sha256:35d24be9d04d50da3a6f4d61de028c1dd087045385a0ff374d93ef85af61b584",
                "sha256:35dbe4e8c73003dff40dfaeb15902910a4360699375e7b47d3c909a83ff27cd0",
                "sha256:3dfce831b824ab5cf446ed0c350b793ac6fa5fe33b984305cb4c966a86a8fb79",
                "sha256:3f7866365df5a36a7b8de8056cd1c605648f56f9a226d918ed84c85d25e8d55f",
                "sha256:455cc8c01de3bac6f9c223967cea41f4449f58b4c2e724ec8177382ddd183ab4",
                "sha256:4bb937e998be9d5e345f486693e477ba79e4344674484001a0b646be1d530487",
                "sha256:52303a20902ca0888dfb83230ca3ee6fbe63c0ad1dd60aa0bba7958ccff454d8",
                "sha256:6e0a897d4e09859cc80c6a16a29697406ead752292ace17f1805126a4f63c838",
                "sha256:6e1816e7c10966330d77af45f77501f9a68818c065dec0ad11d22b50a0e212e7",
                "sha256:73b5921c5c6ce3358c836461b5470bf675601c96d5e5d8f2a446951470614f67",
                "sha256:8093cd45cdb5f6c8591cfd1af03d32b32965b0f79b94684cd0c9afdf841982bb",
                "sha256:864b4a94b60db301899cf373579fd9ef92edddbf0fb2cd5ae99f53ef423ccc56",
                "sha256:8a27b4d3ea9c6d086ce8e7cdb3e8d319b6752e2a03238a388ccc83ccbe165f50",
                "sha256:91b847969d4784abd855165a2d163f72ac1e58e6dce09a5e46c20e58f19cc96d",
                "sha256:b47b1028be4758c3167e474884ccc079b94835f058984b15c145966c4df64d27",
                "sha256:b68814a322835d8ad671b7acc23a3b2acecba527bb14f4b53fc925f8a27e44d8",
                "sha256:bcb50a032c3b6ec7fb281b3a83d2b31ab5246c5b119588725b1350d3a1d9f6a3",
                "sha256:c56db7d10b25ce8918b6aec6b08ac401842b47e6c136773bfb3b590753f7fb67",
                "sha256:c94b77a13d4f47883e4f97f9fa00f5feadd38af3e6b3c7be45cfdb0a14c7149b",
                "sha256:db381f6fdaef483ad435f778086ccc4890120aff8df2ba5cfeeac24d280b3145",
                "sha256:e6487d01c8b7ed86af30ea141fcc4f93f8a7dde26f94177c1ad637c353bd5c07",
                "sha256:e86923fa728dfba39c5bb6046a450bd4eec8ad949ac404eca728cfce320d1732",
                "sha256:f6ca36dc1e9eeb46d779869c60001b3065fb670b5775c51421c099ea2a77c3c9",
                "sha256:fb62f2cbe790a50d95593fb40e8cca261c31a2f5637455ea39440d6457c2ba25"
            ],
            "version": "==4.7.1"
        },
        "zope.proxy": {
            "hashes": [
                "sha256:04646ac04ffa9c8e32fb2b5c3cd42995b2548ea14251f3c21ca704afae88e42c",
                "sha256:07b6bceea232559d24358832f1cd2ed344bbf05ca83855a5b9698b5f23c5ed60",
                "sha256:1ef452cc02e0e2f8e3c917b1a5b936ef3280f2c2ca854ee70ac2164d1655f7e6",
                "sha256:22bf61857c5977f34d4e391476d40f9a3b8c6ab24fb0cac448d42d8f8b9bf7b2",
                "sha256:299870e3428cbff1cd9f9b34144e76ecdc1d9e3192a8cf5f1b0258f47a239f58",
                "sha256:2bfc36bfccbe047671170ea5677efd3d5ab730a55d7e45611d76d495e5b96766",
                "sha256:32e82d5a640febc688c0789e15ea875bf696a10cf358f049e1ed841f01710a9b",
                "sha256:3b2051bdc4bc3f02fa52483f6381cf40d4d48167645241993f9d7ebbd142ed9b",
                "sha256:3f734bd8a08f5185a64fb6abb8f14dc97ec27a689ca808fb7a83cdd38d745e4f",
                "sha256:3f78dd8de3112df8bbd970f0916ac876dc3fbe63810bd1cf7cc5eec4cbac4f04",
                "sha256:4eabeb48508953ba1f3590ad0773b8daea9e104eec66d661917e9bbcd7125a67",
                "sha256:4f05ecc33808187f430f249cb1ccab35c38f570b181f2d380fbe253da94b18d8",
                "sha256:4f4f4cbf23d3afc1526294a31e7b3eaa0f682cc28ac5366065dc1d6bb18bd7be",
                "sha256:5483d5e70aacd06f0aa3effec9fed597c0b50f45060956eeeb1203c44d4338c3",
                "sha256:56a5f9b46892b115a75d0a1f2292431ad5988461175826600acc69a24cb3edee",
                "sha256:64bb63af8a06f736927d260efdd4dfc5253d42244f281a8063e4b9eea2ddcbc5",
                "sha256:653f8cbefcf7c6ac4cece2cdef367c4faa2b7c19795d52bd7cbec11a8739a7c1",
                "sha256:664211d63306e4bd4eec35bf2b4bd9db61c394037911cf2d1804c43b511a49f1",
                "sha256:6651e6caed66a8fff0fef1a3e81c0ed2253bf361c0fdc834500488732c5d16e9",
                "sha256:6c1fba6cdfdf105739d3069cf7b07664f2944d82a8098218ab2300a82d8f40fc",
                "sha256:6e64246e6e9044a4534a69dca1283c6ddab6e757be5e6874f69024329b3aa61f",
                "sha256:838390245c7ec137af4993c0c8052f49d5ec79e422b4451bfa37fee9b9ccaa01",
                "sha256:856b410a14793069d8ba35f33fff667213ea66f2df25a0024cc72a7493c56d4c",
                "sha256:8b932c364c1d1605a91907a41128ed0ee8a2d326fc0fafb2c55cd46f545f4599",
                "sha256:9086cf6d20f08dae7f296a78f6c77d1f8d24079d448f023ee0eb329078dd35e1",
                "sha256:9698533c14afa0548188de4968a7932d1f3f965f3f5ba1474de673596bb875af",
                "sha256:9b12b05dd7c28f5068387c1afee8cb94f9d02501e7ef495a7c5c7e27139b96ad",
                "sha256:a884c7426a5bc6fb7fc71a55ad14e66818e13f05b78b20a6f37175f324b7acb8",
                "sha256:abe9e7f1a3e76286c5f5baf2bf5162d41dc0310da493b34a2c36555f38d928f7",
                "sha256:bd6fde63b015a27262be06bd6bbdd895273cc2bdf2d4c7e1c83711d26a8fbace",
                "sha256:bda7c62c954f47b87ed9a89f525eee1b318ec7c2162dfdba76c2ccfa334e0caa",
                "sha256:be8a4908dd3f6e965993c0068b006bdbd0474fbcbd1da4893b49356e73fc1557",
                "sha256:ced65fc3c7d7205267506d854bb1815bb445899cca9d21d1d4b949070a635546",
                "sha256:dac4279aa05055d3897ab5e5ee5a7b39db121f91df65a530f8b1ac7f9bd93119",
                "sha256:e4f1863056e3e4f399c285b67fa816f411a7bfa1c81ef50e186126164e396e59",
                "sha256:ecd85f68b8cd9ab78a0141e87ea9a53b2f31fd9b1350a1c44da1f7481b5363ef",
                "sha256:ed269b83750413e8fc5c96276372f49ee3fcb7ed61c49fe8e5a67f54459a5a4a",
                "sha256:f19b0b80cba73b204dee68501870b11067711d21d243fb6774256d3ca2e5391f",
                "sha256:ffdafb98db7574f9da84c489a10a5d582079a888cb43c64e9e6b0e3fe1034685"
            ],
            "version": "==4.3.3"
        }
    },
    "develop": {}
}
